// !$*UTF8*$!
{
	archiveVersion = 1;
	classes = {
	};
	objectVersion = 50;
	objects = {

/* Begin PBXBuildFile section */
		0B0626E926266B3F0058C585 /* MapView.swift in Sources */ = {isa = PBXBuildFile; fileRef = 0B0626E326266B3F0058C585 /* MapView.swift */; };
		0B0626EA26266B3F0058C585 /* AfricaApp.swift in Sources */ = {isa = PBXBuildFile; fileRef = 0B0626E426266B3F0058C585 /* AfricaApp.swift */; };
		0B0626EB26266B3F0058C585 /* GalleryView.swift in Sources */ = {isa = PBXBuildFile; fileRef = 0B0626E526266B3F0058C585 /* GalleryView.swift */; };
		0B0626EC26266B3F0058C585 /* MainView.swift in Sources */ = {isa = PBXBuildFile; fileRef = 0B0626E626266B3F0058C585 /* MainView.swift */; };
		0B0626ED26266B3F0058C585 /* ContentView.swift in Sources */ = {isa = PBXBuildFile; fileRef = 0B0626E726266B3F0058C585 /* ContentView.swift */; };
		0B0626EE26266B3F0058C585 /* VideoListView.swift in Sources */ = {isa = PBXBuildFile; fileRef = 0B0626E826266B3F0058C585 /* VideoListView.swift */; };
		0B36F3DC262658080005DD49 /* Assets.xcassets in Resources */ = {isa = PBXBuildFile; fileRef = 0B36F3DB262658080005DD49 /* Assets.xcassets */; };
		0B36F3DF262658080005DD49 /* Preview Assets.xcassets in Resources */ = {isa = PBXBuildFile; fileRef = 0B36F3DE262658080005DD49 /* Preview Assets.xcassets */; };
		0B36F3F226265D990005DD49 /* rhino.mp4 in Resources */ = {isa = PBXBuildFile; fileRef = 0B36F3E826265D990005DD49 /* rhino.mp4 */; };
		0B36F3F326265D990005DD49 /* zebra.mp4 in Resources */ = {isa = PBXBuildFile; fileRef = 0B36F3E926265D990005DD49 /* zebra.mp4 */; };
		0B36F3F426265D990005DD49 /* ostrich.mp4 in Resources */ = {isa = PBXBuildFile; fileRef = 0B36F3EA26265D990005DD49 /* ostrich.mp4 */; };
		0B36F3F526265D990005DD49 /* giraffe.mp4 in Resources */ = {isa = PBXBuildFile; fileRef = 0B36F3EB26265D990005DD49 /* giraffe.mp4 */; };
		0B36F3F626265D990005DD49 /* cheetah.mp4 in Resources */ = {isa = PBXBuildFile; fileRef = 0B36F3EC26265D990005DD49 /* cheetah.mp4 */; };
		0B36F3F726265D990005DD49 /* hippo.mp4 in Resources */ = {isa = PBXBuildFile; fileRef = 0B36F3ED26265D990005DD49 /* hippo.mp4 */; };
		0B36F3F826265D990005DD49 /* gorilla.mp4 in Resources */ = {isa = PBXBuildFile; fileRef = 0B36F3EE26265D990005DD49 /* gorilla.mp4 */; };
		0B36F3F926265D990005DD49 /* lion.mp4 in Resources */ = {isa = PBXBuildFile; fileRef = 0B36F3EF26265D990005DD49 /* lion.mp4 */; };
		0B36F3FA26265D990005DD49 /* elephant.mp4 in Resources */ = {isa = PBXBuildFile; fileRef = 0B36F3F026265D990005DD49 /* elephant.mp4 */; };
		0B36F3FB26265D990005DD49 /* lioness.mp4 in Resources */ = {isa = PBXBuildFile; fileRef = 0B36F3F126265D990005DD49 /* lioness.mp4 */; };
		0B36F40326265DCD0005DD49 /* animals.json in Resources */ = {isa = PBXBuildFile; fileRef = 0B36F3FF26265DCD0005DD49 /* animals.json */; };
		0B36F40426265DCD0005DD49 /* videos.json in Resources */ = {isa = PBXBuildFile; fileRef = 0B36F40026265DCD0005DD49 /* videos.json */; };
		0B36F40526265DCD0005DD49 /* covers.json in Resources */ = {isa = PBXBuildFile; fileRef = 0B36F40126265DCD0005DD49 /* covers.json */; };
		0B36F40626265DCD0005DD49 /* locations.json in Resources */ = {isa = PBXBuildFile; fileRef = 0B36F40226265DCD0005DD49 /* locations.json */; };
		0B8930D2262742FF001F3672 /* CoverImageView.swift in Sources */ = {isa = PBXBuildFile; fileRef = 0B8930D1262742FF001F3672 /* CoverImageView.swift */; };
		0B8930D6262744D9001F3672 /* CoverImageModel.swift in Sources */ = {isa = PBXBuildFile; fileRef = 0B8930D5262744D9001F3672 /* CoverImageModel.swift */; };
		0B8930DA2627458A001F3672 /* CodableBundleExtension.swift in Sources */ = {isa = PBXBuildFile; fileRef = 0B8930D92627458A001F3672 /* CodableBundleExtension.swift */; };
		0B8930DD26274852001F3672 /* AnimalListItemView.swift in Sources */ = {isa = PBXBuildFile; fileRef = 0B8930DC26274852001F3672 /* AnimalListItemView.swift */; };
		0B8930E026274969001F3672 /* AnimalModel.swift in Sources */ = {isa = PBXBuildFile; fileRef = 0B8930DF26274969001F3672 /* AnimalModel.swift */; };
/* End PBXBuildFile section */

/* Begin PBXFileReference section */
		0B0626E326266B3F0058C585 /* MapView.swift */ = {isa = PBXFileReference; fileEncoding = 4; lastKnownFileType = sourcecode.swift; path = MapView.swift; sourceTree = "<group>"; };
		0B0626E426266B3F0058C585 /* AfricaApp.swift */ = {isa = PBXFileReference; fileEncoding = 4; lastKnownFileType = sourcecode.swift; path = AfricaApp.swift; sourceTree = "<group>"; };
		0B0626E526266B3F0058C585 /* GalleryView.swift */ = {isa = PBXFileReference; fileEncoding = 4; lastKnownFileType = sourcecode.swift; path = GalleryView.swift; sourceTree = "<group>"; };
		0B0626E626266B3F0058C585 /* MainView.swift */ = {isa = PBXFileReference; fileEncoding = 4; lastKnownFileType = sourcecode.swift; path = MainView.swift; sourceTree = "<group>"; };
		0B0626E726266B3F0058C585 /* ContentView.swift */ = {isa = PBXFileReference; fileEncoding = 4; lastKnownFileType = sourcecode.swift; path = ContentView.swift; sourceTree = "<group>"; };
		0B0626E826266B3F0058C585 /* VideoListView.swift */ = {isa = PBXFileReference; fileEncoding = 4; lastKnownFileType = sourcecode.swift; path = VideoListView.swift; sourceTree = "<group>"; };
		0B36F3D4262658070005DD49 /* Africa.app */ = {isa = PBXFileReference; explicitFileType = wrapper.application; includeInIndex = 0; path = Africa.app; sourceTree = BUILT_PRODUCTS_DIR; };
		0B36F3DB262658080005DD49 /* Assets.xcassets */ = {isa = PBXFileReference; lastKnownFileType = folder.assetcatalog; path = Assets.xcassets; sourceTree = "<group>"; };
		0B36F3DE262658080005DD49 /* Preview Assets.xcassets */ = {isa = PBXFileReference; lastKnownFileType = folder.assetcatalog; path = "Preview Assets.xcassets"; sourceTree = "<group>"; };
		0B36F3E0262658080005DD49 /* Info.plist */ = {isa = PBXFileReference; lastKnownFileType = text.plist.xml; path = Info.plist; sourceTree = "<group>"; };
		0B36F3E826265D990005DD49 /* rhino.mp4 */ = {isa = PBXFileReference; lastKnownFileType = file; name = rhino.mp4; path = video/rhino.mp4; sourceTree = "<group>"; };
		0B36F3E926265D990005DD49 /* zebra.mp4 */ = {isa = PBXFileReference; lastKnownFileType = file; name = zebra.mp4; path = video/zebra.mp4; sourceTree = "<group>"; };
		0B36F3EA26265D990005DD49 /* ostrich.mp4 */ = {isa = PBXFileReference; lastKnownFileType = file; name = ostrich.mp4; path = video/ostrich.mp4; sourceTree = "<group>"; };
		0B36F3EB26265D990005DD49 /* giraffe.mp4 */ = {isa = PBXFileReference; lastKnownFileType = file; name = giraffe.mp4; path = video/giraffe.mp4; sourceTree = "<group>"; };
		0B36F3EC26265D990005DD49 /* cheetah.mp4 */ = {isa = PBXFileReference; lastKnownFileType = file; name = cheetah.mp4; path = video/cheetah.mp4; sourceTree = "<group>"; };
		0B36F3ED26265D990005DD49 /* hippo.mp4 */ = {isa = PBXFileReference; lastKnownFileType = file; name = hippo.mp4; path = video/hippo.mp4; sourceTree = "<group>"; };
		0B36F3EE26265D990005DD49 /* gorilla.mp4 */ = {isa = PBXFileReference; lastKnownFileType = file; name = gorilla.mp4; path = video/gorilla.mp4; sourceTree = "<group>"; };
		0B36F3EF26265D990005DD49 /* lion.mp4 */ = {isa = PBXFileReference; lastKnownFileType = file; name = lion.mp4; path = video/lion.mp4; sourceTree = "<group>"; };
		0B36F3F026265D990005DD49 /* elephant.mp4 */ = {isa = PBXFileReference; lastKnownFileType = file; name = elephant.mp4; path = video/elephant.mp4; sourceTree = "<group>"; };
		0B36F3F126265D990005DD49 /* lioness.mp4 */ = {isa = PBXFileReference; lastKnownFileType = file; name = lioness.mp4; path = video/lioness.mp4; sourceTree = "<group>"; };
		0B36F3FF26265DCD0005DD49 /* animals.json */ = {isa = PBXFileReference; fileEncoding = 4; lastKnownFileType = text.json; name = animals.json; path = Data/animals.json; sourceTree = "<group>"; };
		0B36F40026265DCD0005DD49 /* videos.json */ = {isa = PBXFileReference; fileEncoding = 4; lastKnownFileType = text.json; name = videos.json; path = Data/videos.json; sourceTree = "<group>"; };
		0B36F40126265DCD0005DD49 /* covers.json */ = {isa = PBXFileReference; fileEncoding = 4; lastKnownFileType = text.json; name = covers.json; path = Data/covers.json; sourceTree = "<group>"; };
		0B36F40226265DCD0005DD49 /* locations.json */ = {isa = PBXFileReference; fileEncoding = 4; lastKnownFileType = text.json; name = locations.json; path = Data/locations.json; sourceTree = "<group>"; };
		0B8930D1262742FF001F3672 /* CoverImageView.swift */ = {isa = PBXFileReference; lastKnownFileType = sourcecode.swift; path = CoverImageView.swift; sourceTree = "<group>"; };
		0B8930D5262744D9001F3672 /* CoverImageModel.swift */ = {isa = PBXFileReference; lastKnownFileType = sourcecode.swift; path = CoverImageModel.swift; sourceTree = "<group>"; };
		0B8930D92627458A001F3672 /* CodableBundleExtension.swift */ = {isa = PBXFileReference; lastKnownFileType = sourcecode.swift; path = CodableBundleExtension.swift; sourceTree = "<group>"; };
		0B8930DC26274852001F3672 /* AnimalListItemView.swift */ = {isa = PBXFileReference; lastKnownFileType = sourcecode.swift; path = AnimalListItemView.swift; sourceTree = "<group>"; };
		0B8930DF26274969001F3672 /* AnimalModel.swift */ = {isa = PBXFileReference; lastKnownFileType = sourcecode.swift; path = AnimalModel.swift; sourceTree = "<group>"; };
/* End PBXFileReference section */

/* Begin PBXFrameworksBuildPhase section */
		0B36F3D1262658070005DD49 /* Frameworks */ = {
			isa = PBXFrameworksBuildPhase;
			buildActionMask = 2147483647;
			files = (
			);
			runOnlyForDeploymentPostprocessing = 0;
		};
/* End PBXFrameworksBuildPhase section */

/* Begin PBXGroup section */
		0B0626E226266B3F0058C585 /* App */ = {
			isa = PBXGroup;
			children = (
				0B0626E326266B3F0058C585 /* MapView.swift */,
				0B0626E426266B3F0058C585 /* AfricaApp.swift */,
				0B0626E526266B3F0058C585 /* GalleryView.swift */,
				0B0626E626266B3F0058C585 /* MainView.swift */,
				0B0626E726266B3F0058C585 /* ContentView.swift */,
				0B0626E826266B3F0058C585 /* VideoListView.swift */,
			);
			path = App;
			sourceTree = "<group>";
		};
		0B36F3CB262658070005DD49 = {
			isa = PBXGroup;
			children = (
				0B36F3D6262658070005DD49 /* Africa */,
				0B36F3D5262658070005DD49 /* Products */,
			);
			sourceTree = "<group>";
		};
		0B36F3D5262658070005DD49 /* Products */ = {
			isa = PBXGroup;
			children = (
				0B36F3D4262658070005DD49 /* Africa.app */,
			);
			name = Products;
			sourceTree = "<group>";
		};
		0B36F3D6262658070005DD49 /* Africa */ = {
			isa = PBXGroup;
			children = (
				0B8930D82627457B001F3672 /* Extension */,
				0B8930D4262744B6001F3672 /* Model */,
				0B0626E226266B3F0058C585 /* App */,
				0B36F3FE26265DBF0005DD49 /* Data */,
				0B36F40926265F830005DD49 /* View */,
				0B36F3E726265D6E0005DD49 /* Video */,
				0B36F3DB262658080005DD49 /* Assets.xcassets */,
				0B36F3E0262658080005DD49 /* Info.plist */,
				0B36F3DD262658080005DD49 /* Preview Content */,
			);
			path = Africa;
			sourceTree = "<group>";
		};
		0B36F3DD262658080005DD49 /* Preview Content */ = {
			isa = PBXGroup;
			children = (
				0B36F3DE262658080005DD49 /* Preview Assets.xcassets */,
			);
			path = "Preview Content";
			sourceTree = "<group>";
		};
		0B36F3E726265D6E0005DD49 /* Video */ = {
			isa = PBXGroup;
			children = (
				0B36F3EC26265D990005DD49 /* cheetah.mp4 */,
				0B36F3F026265D990005DD49 /* elephant.mp4 */,
				0B36F3EB26265D990005DD49 /* giraffe.mp4 */,
				0B36F3EE26265D990005DD49 /* gorilla.mp4 */,
				0B36F3ED26265D990005DD49 /* hippo.mp4 */,
				0B36F3EF26265D990005DD49 /* lion.mp4 */,
				0B36F3F126265D990005DD49 /* lioness.mp4 */,
				0B36F3EA26265D990005DD49 /* ostrich.mp4 */,
				0B36F3E826265D990005DD49 /* rhino.mp4 */,
				0B36F3E926265D990005DD49 /* zebra.mp4 */,
			);
			name = Video;
			sourceTree = "<group>";
		};
		0B36F3FE26265DBF0005DD49 /* Data */ = {
			isa = PBXGroup;
			children = (
				0B36F3FF26265DCD0005DD49 /* animals.json */,
				0B36F40126265DCD0005DD49 /* covers.json */,
				0B36F40226265DCD0005DD49 /* locations.json */,
				0B36F40026265DCD0005DD49 /* videos.json */,
			);
			name = Data;
			sourceTree = "<group>";
		};
		0B36F40926265F830005DD49 /* View */ = {
			isa = PBXGroup;
			children = (
				0B8930D1262742FF001F3672 /* CoverImageView.swift */,
				0B8930DC26274852001F3672 /* AnimalListItemView.swift */,
			);
			name = View;
			sourceTree = "<group>";
		};
		0B8930D4262744B6001F3672 /* Model */ = {
			isa = PBXGroup;
			children = (
				0B8930D5262744D9001F3672 /* CoverImageModel.swift */,
				0B8930DF26274969001F3672 /* AnimalModel.swift */,
			);
			name = Model;
			sourceTree = "<group>";
		};
		0B8930D82627457B001F3672 /* Extension */ = {
			isa = PBXGroup;
			children = (
				0B8930D92627458A001F3672 /* CodableBundleExtension.swift */,
			);
			name = Extension;
			sourceTree = "<group>";
		};
/* End PBXGroup section */

/* Begin PBXNativeTarget section */
		0B36F3D3262658070005DD49 /* Africa */ = {
			isa = PBXNativeTarget;
			buildConfigurationList = 0B36F3E3262658080005DD49 /* Build configuration list for PBXNativeTarget "Africa" */;
			buildPhases = (
				0B36F3D0262658070005DD49 /* Sources */,
				0B36F3D1262658070005DD49 /* Frameworks */,
				0B36F3D2262658070005DD49 /* Resources */,
			);
			buildRules = (
			);
			dependencies = (
			);
			name = Africa;
			productName = Africa;
			productReference = 0B36F3D4262658070005DD49 /* Africa.app */;
			productType = "com.apple.product-type.application";
		};
/* End PBXNativeTarget section */

/* Begin PBXProject section */
		0B36F3CC262658070005DD49 /* Project object */ = {
			isa = PBXProject;
			attributes = {
				LastSwiftUpdateCheck = 1240;
				LastUpgradeCheck = 1240;
				TargetAttributes = {
					0B36F3D3262658070005DD49 = {
						CreatedOnToolsVersion = 12.4;
						LastSwiftMigration = 1240;
					};
				};
			};
			buildConfigurationList = 0B36F3CF262658070005DD49 /* Build configuration list for PBXProject "Africa" */;
			compatibilityVersion = "Xcode 9.3";
			developmentRegion = en;
			hasScannedForEncodings = 0;
			knownRegions = (
				en,
				Base,
			);
			mainGroup = 0B36F3CB262658070005DD49;
			productRefGroup = 0B36F3D5262658070005DD49 /* Products */;
			projectDirPath = "";
			projectRoot = "";
			targets = (
				0B36F3D3262658070005DD49 /* Africa */,
			);
		};
/* End PBXProject section */

/* Begin PBXResourcesBuildPhase section */
		0B36F3D2262658070005DD49 /* Resources */ = {
			isa = PBXResourcesBuildPhase;
			buildActionMask = 2147483647;
			files = (
				0B36F3F726265D990005DD49 /* hippo.mp4 in Resources */,
				0B36F3F826265D990005DD49 /* gorilla.mp4 in Resources */,
				0B36F40626265DCD0005DD49 /* locations.json in Resources */,
				0B36F3F326265D990005DD49 /* zebra.mp4 in Resources */,
				0B36F40426265DCD0005DD49 /* videos.json in Resources */,
				0B36F3F926265D990005DD49 /* lion.mp4 in Resources */,
				0B36F3F226265D990005DD49 /* rhino.mp4 in Resources */,
				0B36F3F526265D990005DD49 /* giraffe.mp4 in Resources */,
				0B36F3DF262658080005DD49 /* Preview Assets.xcassets in Resources */,
				0B36F40326265DCD0005DD49 /* animals.json in Resources */,
				0B36F3F426265D990005DD49 /* ostrich.mp4 in Resources */,
				0B36F40526265DCD0005DD49 /* covers.json in Resources */,
				0B36F3DC262658080005DD49 /* Assets.xcassets in Resources */,
				0B36F3F626265D990005DD49 /* cheetah.mp4 in Resources */,
				0B36F3FA26265D990005DD49 /* elephant.mp4 in Resources */,
				0B36F3FB26265D990005DD49 /* lioness.mp4 in Resources */,
			);
			runOnlyForDeploymentPostprocessing = 0;
		};
/* End PBXResourcesBuildPhase section */

/* Begin PBXSourcesBuildPhase section */
		0B36F3D0262658070005DD49 /* Sources */ = {
			isa = PBXSourcesBuildPhase;
			buildActionMask = 2147483647;
			files = (
				0B0626E926266B3F0058C585 /* MapView.swift in Sources */,
				0B8930DD26274852001F3672 /* AnimalListItemView.swift in Sources */,
				0B0626ED26266B3F0058C585 /* ContentView.swift in Sources */,
				0B8930D2262742FF001F3672 /* CoverImageView.swift in Sources */,
				0B8930D6262744D9001F3672 /* CoverImageModel.swift in Sources */,
				0B8930E026274969001F3672 /* AnimalModel.swift in Sources */,
				0B0626EE26266B3F0058C585 /* VideoListView.swift in Sources */,
				0B0626EC26266B3F0058C585 /* MainView.swift in Sources */,
				0B0626EB26266B3F0058C585 /* GalleryView.swift in Sources */,
				0B0626EA26266B3F0058C585 /* AfricaApp.swift in Sources */,
				0B8930DA2627458A001F3672 /* CodableBundleExtension.swift in Sources */,
			);
			runOnlyForDeploymentPostprocessing = 0;
		};
/* End PBXSourcesBuildPhase section */

/* Begin XCBuildConfiguration section */
		0B36F3E1262658080005DD49 /* Debug */ = {
			isa = XCBuildConfiguration;
			buildSettings = {
				ALWAYS_SEARCH_USER_PATHS = NO;
				CLANG_ANALYZER_NONNULL = YES;
				CLANG_ANALYZER_NUMBER_OBJECT_CONVERSION = YES_AGGRESSIVE;
				CLANG_CXX_LANGUAGE_STANDARD = "gnu++14";
				CLANG_CXX_LIBRARY = "libc++";
				CLANG_ENABLE_MODULES = YES;
				CLANG_ENABLE_OBJC_ARC = YES;
				CLANG_ENABLE_OBJC_WEAK = YES;
				CLANG_WARN_BLOCK_CAPTURE_AUTORELEASING = YES;
				CLANG_WARN_BOOL_CONVERSION = YES;
				CLANG_WARN_COMMA = YES;
				CLANG_WARN_CONSTANT_CONVERSION = YES;
				CLANG_WARN_DEPRECATED_OBJC_IMPLEMENTATIONS = YES;
				CLANG_WARN_DIRECT_OBJC_ISA_USAGE = YES_ERROR;
				CLANG_WARN_DOCUMENTATION_COMMENTS = YES;
				CLANG_WARN_EMPTY_BODY = YES;
				CLANG_WARN_ENUM_CONVERSION = YES;
				CLANG_WARN_INFINITE_RECURSION = YES;
				CLANG_WARN_INT_CONVERSION = YES;
				CLANG_WARN_NON_LITERAL_NULL_CONVERSION = YES;
				CLANG_WARN_OBJC_IMPLICIT_RETAIN_SELF = YES;
				CLANG_WARN_OBJC_LITERAL_CONVERSION = YES;
				CLANG_WARN_OBJC_ROOT_CLASS = YES_ERROR;
				CLANG_WARN_QUOTED_INCLUDE_IN_FRAMEWORK_HEADER = YES;
				CLANG_WARN_RANGE_LOOP_ANALYSIS = YES;
				CLANG_WARN_STRICT_PROTOTYPES = YES;
				CLANG_WARN_SUSPICIOUS_MOVE = YES;
				CLANG_WARN_UNGUARDED_AVAILABILITY = YES_AGGRESSIVE;
				CLANG_WARN_UNREACHABLE_CODE = YES;
				CLANG_WARN__DUPLICATE_METHOD_MATCH = YES;
				COPY_PHASE_STRIP = NO;
				DEBUG_INFORMATION_FORMAT = dwarf;
				ENABLE_STRICT_OBJC_MSGSEND = YES;
				ENABLE_TESTABILITY = YES;
				GCC_C_LANGUAGE_STANDARD = gnu11;
				GCC_DYNAMIC_NO_PIC = NO;
				GCC_NO_COMMON_BLOCKS = YES;
				GCC_OPTIMIZATION_LEVEL = 0;
				GCC_PREPROCESSOR_DEFINITIONS = (
					"DEBUG=1",
					"$(inherited)",
				);
				GCC_WARN_64_TO_32_BIT_CONVERSION = YES;
				GCC_WARN_ABOUT_RETURN_TYPE = YES_ERROR;
				GCC_WARN_UNDECLARED_SELECTOR = YES;
				GCC_WARN_UNINITIALIZED_AUTOS = YES_AGGRESSIVE;
				GCC_WARN_UNUSED_FUNCTION = YES;
				GCC_WARN_UNUSED_VARIABLE = YES;
				IPHONEOS_DEPLOYMENT_TARGET = 14.4;
				MTL_ENABLE_DEBUG_INFO = INCLUDE_SOURCE;
				MTL_FAST_MATH = YES;
				ONLY_ACTIVE_ARCH = YES;
				SDKROOT = iphoneos;
				SWIFT_ACTIVE_COMPILATION_CONDITIONS = DEBUG;
				SWIFT_OPTIMIZATION_LEVEL = "-Onone";
			};
			name = Debug;
		};
		0B36F3E2262658080005DD49 /* Release */ = {
			isa = XCBuildConfiguration;
			buildSettings = {
				ALWAYS_SEARCH_USER_PATHS = NO;
				CLANG_ANALYZER_NONNULL = YES;
				CLANG_ANALYZER_NUMBER_OBJECT_CONVERSION = YES_AGGRESSIVE;
				CLANG_CXX_LANGUAGE_STANDARD = "gnu++14";
				CLANG_CXX_LIBRARY = "libc++";
				CLANG_ENABLE_MODULES = YES;
				CLANG_ENABLE_OBJC_ARC = YES;
				CLANG_ENABLE_OBJC_WEAK = YES;
				CLANG_WARN_BLOCK_CAPTURE_AUTORELEASING = YES;
				CLANG_WARN_BOOL_CONVERSION = YES;
				CLANG_WARN_COMMA = YES;
				CLANG_WARN_CONSTANT_CONVERSION = YES;
				CLANG_WARN_DEPRECATED_OBJC_IMPLEMENTATIONS = YES;
				CLANG_WARN_DIRECT_OBJC_ISA_USAGE = YES_ERROR;
				CLANG_WARN_DOCUMENTATION_COMMENTS = YES;
				CLANG_WARN_EMPTY_BODY = YES;
				CLANG_WARN_ENUM_CONVERSION = YES;
				CLANG_WARN_INFINITE_RECURSION = YES;
				CLANG_WARN_INT_CONVERSION = YES;
				CLANG_WARN_NON_LITERAL_NULL_CONVERSION = YES;
				CLANG_WARN_OBJC_IMPLICIT_RETAIN_SELF = YES;
				CLANG_WARN_OBJC_LITERAL_CONVERSION = YES;
				CLANG_WARN_OBJC_ROOT_CLASS = YES_ERROR;
				CLANG_WARN_QUOTED_INCLUDE_IN_FRAMEWORK_HEADER = YES;
				CLANG_WARN_RANGE_LOOP_ANALYSIS = YES;
				CLANG_WARN_STRICT_PROTOTYPES = YES;
				CLANG_WARN_SUSPICIOUS_MOVE = YES;
				CLANG_WARN_UNGUARDED_AVAILABILITY = YES_AGGRESSIVE;
				CLANG_WARN_UNREACHABLE_CODE = YES;
				CLANG_WARN__DUPLICATE_METHOD_MATCH = YES;
				COPY_PHASE_STRIP = NO;
				DEBUG_INFORMATION_FORMAT = "dwarf-with-dsym";
				ENABLE_NS_ASSERTIONS = NO;
				ENABLE_STRICT_OBJC_MSGSEND = YES;
				GCC_C_LANGUAGE_STANDARD = gnu11;
				GCC_NO_COMMON_BLOCKS = YES;
				GCC_WARN_64_TO_32_BIT_CONVERSION = YES;
				GCC_WARN_ABOUT_RETURN_TYPE = YES_ERROR;
				GCC_WARN_UNDECLARED_SELECTOR = YES;
				GCC_WARN_UNINITIALIZED_AUTOS = YES_AGGRESSIVE;
				GCC_WARN_UNUSED_FUNCTION = YES;
				GCC_WARN_UNUSED_VARIABLE = YES;
				IPHONEOS_DEPLOYMENT_TARGET = 14.4;
				MTL_ENABLE_DEBUG_INFO = NO;
				MTL_FAST_MATH = YES;
				SDKROOT = iphoneos;
				SWIFT_COMPILATION_MODE = wholemodule;
				SWIFT_OPTIMIZATION_LEVEL = "-O";
				VALIDATE_PRODUCT = YES;
			};
			name = Release;
		};
		0B36F3E4262658080005DD49 /* Debug */ = {
			isa = XCBuildConfiguration;
			buildSettings = {
				ASSETCATALOG_COMPILER_APPICON_NAME = AppIcon;
				ASSETCATALOG_COMPILER_GLOBAL_ACCENT_COLOR_NAME = AccentColor;
				CLANG_ENABLE_MODULES = YES;
				CODE_SIGN_STYLE = Automatic;
				DEVELOPMENT_ASSET_PATHS = "\"Africa/Preview Content\"";
				DEVELOPMENT_TEAM = U7THRNLC5U;
				ENABLE_PREVIEWS = YES;
				INFOPLIST_FILE = Africa/Info.plist;
				IPHONEOS_DEPLOYMENT_TARGET = 14.0;
				LD_RUNPATH_SEARCH_PATHS = (
					"$(inherited)",
					"@executable_path/Frameworks",
				);
				PRODUCT_BUNDLE_IDENTIFIER = co.miguelmejiaq.labs.Africa;
				PRODUCT_NAME = "$(TARGET_NAME)";
				SWIFT_OPTIMIZATION_LEVEL = "-Onone";
				SWIFT_VERSION = 5.0;
				TARGETED_DEVICE_FAMILY = "1,2";
			};
			name = Debug;
		};
		0B36F3E5262658080005DD49 /* Release */ = {
			isa = XCBuildConfiguration;
			buildSettings = {
				ASSETCATALOG_COMPILER_APPICON_NAME = AppIcon;
				ASSETCATALOG_COMPILER_GLOBAL_ACCENT_COLOR_NAME = AccentColor;
				CLANG_ENABLE_MODULES = YES;
				CODE_SIGN_STYLE = Automatic;
				DEVELOPMENT_ASSET_PATHS = "\"Africa/Preview Content\"";
				DEVELOPMENT_TEAM = U7THRNLC5U;
				ENABLE_PREVIEWS = YES;
				INFOPLIST_FILE = Africa/Info.plist;
				IPHONEOS_DEPLOYMENT_TARGET = 14.0;
				LD_RUNPATH_SEARCH_PATHS = (
					"$(inherited)",
					"@executable_path/Frameworks",
				);
				PRODUCT_BUNDLE_IDENTIFIER = co.miguelmejiaq.labs.Africa;
				PRODUCT_NAME = "$(TARGET_NAME)";
				SWIFT_VERSION = 5.0;
				TARGETED_DEVICE_FAMILY = "1,2";
			};
			name = Release;
		};
/* End XCBuildConfiguration section */

/* Begin XCConfigurationList section */
		0B36F3CF262658070005DD49 /* Build configuration list for PBXProject "Africa" */ = {
			isa = XCConfigurationList;
			buildConfigurations = (
				0B36F3E1262658080005DD49 /* Debug */,
				0B36F3E2262658080005DD49 /* Release */,
			);
			defaultConfigurationIsVisible = 0;
			defaultConfigurationName = Release;
		};
		0B36F3E3262658080005DD49 /* Build configuration list for PBXNativeTarget "Africa" */ = {
			isa = XCConfigurationList;
			buildConfigurations = (
				0B36F3E4262658080005DD49 /* Debug */,
				0B36F3E5262658080005DD49 /* Release */,
			);
			defaultConfigurationIsVisible = 0;
			defaultConfigurationName = Release;
		};
/* End XCConfigurationList section */
	};
	rootObject = 0B36F3CC262658070005DD49 /* Project object */;
}
